// !$*UTF8*$!
{
	archiveVersion = 1;
	classes = {
	};
	objectVersion = 50;
	objects = {

/* Begin PBXBuildFile section */
		2F356C252583EBB200E8F231 /* AppDelegate.swift in Sources */ = {isa = PBXBuildFile; fileRef = 2F356C242583EBB200E8F231 /* AppDelegate.swift */; };
		2F356C272583EBB200E8F231 /* SceneDelegate.swift in Sources */ = {isa = PBXBuildFile; fileRef = 2F356C262583EBB200E8F231 /* SceneDelegate.swift */; };
		2F356C292583EBB200E8F231 /* ViewController.swift in Sources */ = {isa = PBXBuildFile; fileRef = 2F356C282583EBB200E8F231 /* ViewController.swift */; };
		2F356C2C2583EBB200E8F231 /* Main.storyboard in Resources */ = {isa = PBXBuildFile; fileRef = 2F356C2A2583EBB200E8F231 /* Main.storyboard */; };
		2F356C2E2583EC1C00E8F231 /* Assets.xcassets in Resources */ = {isa = PBXBuildFile; fileRef = 2F356C2D2583EC1C00E8F231 /* Assets.xcassets */; };
		2F356C312583EC1C00E8F231 /* LaunchScreen.storyboard in Resources */ = {isa = PBXBuildFile; fileRef = 2F356C2F2583EC1C00E8F231 /* LaunchScreen.storyboard */; };
		2F356C3C2583EC2000E8F231 /* ProjetoTesteUnitarioTests.swift in Sources */ = {isa = PBXBuildFile; fileRef = 2F356C3B2583EC2000E8F231 /* ProjetoTesteUnitarioTests.swift */; };
		2F356C472583ED7000E8F231 /* oque testar in Resources */ = {isa = PBXBuildFile; fileRef = 2F356C462583ED7000E8F231 /* oque testar */; };
		2F356C4A2584091100E8F231 /* pessoa.swift in Sources */ = {isa = PBXBuildFile; fileRef = 2F356C492584091100E8F231 /* pessoa.swift */; };
		2F356C4E25840B3900E8F231 /* MessagePresenter.swift in Sources */ = {isa = PBXBuildFile; fileRef = 2F356C4D25840B3900E8F231 /* MessagePresenter.swift */; };
		2F356C5025840BB600E8F231 /* AlertMessagePresenter.swift in Sources */ = {isa = PBXBuildFile; fileRef = 2F356C4F25840BB600E8F231 /* AlertMessagePresenter.swift */; };
		2F356C522584130300E8F231 /* ViewControllerTests.swift in Sources */ = {isa = PBXBuildFile; fileRef = 2F356C512584130300E8F231 /* ViewControllerTests.swift */; };
		2FDE2ED8258428A300ED4649 /* MockMessagePresenter.swift in Sources */ = {isa = PBXBuildFile; fileRef = 2FDE2ED7258428A300ED4649 /* MockMessagePresenter.swift */; };
/* End PBXBuildFile section */

/* Begin PBXContainerItemProxy section */
		2F356C382583EC2000E8F231 /* PBXContainerItemProxy */ = {
			isa = PBXContainerItemProxy;
			containerPortal = 2F356C192583EBB100E8F231 /* Project object */;
			proxyType = 1;
			remoteGlobalIDString = 2F356C202583EBB200E8F231;
			remoteInfo = ProjetoTesteUnitario;
		};
/* End PBXContainerItemProxy section */

/* Begin PBXFileReference section */
		2F356C212583EBB200E8F231 /* ProjetoTesteUnitario.app */ = {isa = PBXFileReference; explicitFileType = wrapper.application; includeInIndex = 0; path = ProjetoTesteUnitario.app; sourceTree = BUILT_PRODUCTS_DIR; };
		2F356C242583EBB200E8F231 /* AppDelegate.swift */ = {isa = PBXFileReference; lastKnownFileType = sourcecode.swift; path = AppDelegate.swift; sourceTree = "<group>"; };
		2F356C262583EBB200E8F231 /* SceneDelegate.swift */ = {isa = PBXFileReference; lastKnownFileType = sourcecode.swift; path = SceneDelegate.swift; sourceTree = "<group>"; };
		2F356C282583EBB200E8F231 /* ViewController.swift */ = {isa = PBXFileReference; lastKnownFileType = sourcecode.swift; path = ViewController.swift; sourceTree = "<group>"; };
		2F356C2B2583EBB200E8F231 /* Base */ = {isa = PBXFileReference; lastKnownFileType = file.storyboard; name = Base; path = Base.lproj/Main.storyboard; sourceTree = "<group>"; };
		2F356C2D2583EC1C00E8F231 /* Assets.xcassets */ = {isa = PBXFileReference; lastKnownFileType = folder.assetcatalog; path = Assets.xcassets; sourceTree = "<group>"; };
		2F356C302583EC1C00E8F231 /* Base */ = {isa = PBXFileReference; lastKnownFileType = file.storyboard; name = Base; path = Base.lproj/LaunchScreen.storyboard; sourceTree = "<group>"; };
		2F356C322583EC1C00E8F231 /* Info.plist */ = {isa = PBXFileReference; lastKnownFileType = text.plist.xml; path = Info.plist; sourceTree = "<group>"; };
		2F356C372583EC2000E8F231 /* ProjetoTesteUnitarioTests.xctest */ = {isa = PBXFileReference; explicitFileType = wrapper.cfbundle; includeInIndex = 0; path = ProjetoTesteUnitarioTests.xctest; sourceTree = BUILT_PRODUCTS_DIR; };
		2F356C3B2583EC2000E8F231 /* ProjetoTesteUnitarioTests.swift */ = {isa = PBXFileReference; lastKnownFileType = sourcecode.swift; path = ProjetoTesteUnitarioTests.swift; sourceTree = "<group>"; };
		2F356C3D2583EC2000E8F231 /* Info.plist */ = {isa = PBXFileReference; lastKnownFileType = text.plist.xml; path = Info.plist; sourceTree = "<group>"; };
		2F356C462583ED7000E8F231 /* oque testar */ = {isa = PBXFileReference; lastKnownFileType = text; path = "oque testar"; sourceTree = "<group>"; };
		2F356C492584091100E8F231 /* pessoa.swift */ = {isa = PBXFileReference; lastKnownFileType = sourcecode.swift; path = pessoa.swift; sourceTree = "<group>"; };
		2F356C4D25840B3900E8F231 /* MessagePresenter.swift */ = {isa = PBXFileReference; lastKnownFileType = sourcecode.swift; path = MessagePresenter.swift; sourceTree = "<group>"; };
		2F356C4F25840BB600E8F231 /* AlertMessagePresenter.swift */ = {isa = PBXFileReference; lastKnownFileType = sourcecode.swift; path = AlertMessagePresenter.swift; sourceTree = "<group>"; };
		2F356C512584130300E8F231 /* ViewControllerTests.swift */ = {isa = PBXFileReference; lastKnownFileType = sourcecode.swift; path = ViewControllerTests.swift; sourceTree = "<group>"; };
		2FDE2ED7258428A300ED4649 /* MockMessagePresenter.swift */ = {isa = PBXFileReference; lastKnownFileType = sourcecode.swift; path = MockMessagePresenter.swift; sourceTree = "<group>"; };
/* End PBXFileReference section */

/* Begin PBXFrameworksBuildPhase section */
		2F356C1E2583EBB200E8F231 /* Frameworks */ = {
			isa = PBXFrameworksBuildPhase;
			buildActionMask = 2147483647;
			files = (
			);
			runOnlyForDeploymentPostprocessing = 0;
		};
		2F356C342583EC2000E8F231 /* Frameworks */ = {
			isa = PBXFrameworksBuildPhase;
			buildActionMask = 2147483647;
			files = (
			);
			runOnlyForDeploymentPostprocessing = 0;
		};
/* End PBXFrameworksBuildPhase section */

/* Begin PBXGroup section */
		2F356C182583EBB100E8F231 = {
			isa = PBXGroup;
			children = (
				2F356C4F25840BB600E8F231 /* AlertMessagePresenter.swift */,
				2F356C4D25840B3900E8F231 /* MessagePresenter.swift */,
				2F356C462583ED7000E8F231 /* oque testar */,
				2F356C232583EBB200E8F231 /* ProjetoTesteUnitario */,
				2F356C3A2583EC2000E8F231 /* ProjetoTesteUnitarioTests */,
				2F356C222583EBB200E8F231 /* Products */,
			);
			sourceTree = "<group>";
		};
		2F356C222583EBB200E8F231 /* Products */ = {
			isa = PBXGroup;
			children = (
				2F356C212583EBB200E8F231 /* ProjetoTesteUnitario.app */,
				2F356C372583EC2000E8F231 /* ProjetoTesteUnitarioTests.xctest */,
			);
			name = Products;
			sourceTree = "<group>";
		};
		2F356C232583EBB200E8F231 /* ProjetoTesteUnitario */ = {
			isa = PBXGroup;
			children = (
				2F356C48258408CD00E8F231 /* model */,
				2F356C242583EBB200E8F231 /* AppDelegate.swift */,
				2F356C262583EBB200E8F231 /* SceneDelegate.swift */,
				2F356C282583EBB200E8F231 /* ViewController.swift */,
				2F356C2A2583EBB200E8F231 /* Main.storyboard */,
				2F356C2D2583EC1C00E8F231 /* Assets.xcassets */,
				2F356C2F2583EC1C00E8F231 /* LaunchScreen.storyboard */,
				2F356C322583EC1C00E8F231 /* Info.plist */,
			);
			path = ProjetoTesteUnitario;
			sourceTree = "<group>";
		};
		2F356C3A2583EC2000E8F231 /* ProjetoTesteUnitarioTests */ = {
			isa = PBXGroup;
			children = (
				2FDE2ED7258428A300ED4649 /* MockMessagePresenter.swift */,
				2F356C512584130300E8F231 /* ViewControllerTests.swift */,
				2F356C3B2583EC2000E8F231 /* ProjetoTesteUnitarioTests.swift */,
				2F356C3D2583EC2000E8F231 /* Info.plist */,
			);
			path = ProjetoTesteUnitarioTests;
			sourceTree = "<group>";
		};
		2F356C48258408CD00E8F231 /* model */ = {
			isa = PBXGroup;
			children = (
				2F356C492584091100E8F231 /* pessoa.swift */,
			);
			name = model;
			sourceTree = "<group>";
		};
/* End PBXGroup section */

/* Begin PBXNativeTarget section */
		2F356C202583EBB200E8F231 /* ProjetoTesteUnitario */ = {
			isa = PBXNativeTarget;
			buildConfigurationList = 2F356C402583EC2000E8F231 /* Build configuration list for PBXNativeTarget "ProjetoTesteUnitario" */;
			buildPhases = (
				2F356C1D2583EBB200E8F231 /* Sources */,
				2F356C1E2583EBB200E8F231 /* Frameworks */,
				2F356C1F2583EBB200E8F231 /* Resources */,
			);
			buildRules = (
			);
			dependencies = (
			);
			name = ProjetoTesteUnitario;
			productName = ProjetoTesteUnitario;
			productReference = 2F356C212583EBB200E8F231 /* ProjetoTesteUnitario.app */;
			productType = "com.apple.product-type.application";
		};
		2F356C362583EC2000E8F231 /* ProjetoTesteUnitarioTests */ = {
			isa = PBXNativeTarget;
			buildConfigurationList = 2F356C432583EC2000E8F231 /* Build configuration list for PBXNativeTarget "ProjetoTesteUnitarioTests" */;
			buildPhases = (
				2F356C332583EC2000E8F231 /* Sources */,
				2F356C342583EC2000E8F231 /* Frameworks */,
				2F356C352583EC2000E8F231 /* Resources */,
			);
			buildRules = (
			);
			dependencies = (
				2F356C392583EC2000E8F231 /* PBXTargetDependency */,
			);
			name = ProjetoTesteUnitarioTests;
			productName = ProjetoTesteUnitarioTests;
			productReference = 2F356C372583EC2000E8F231 /* ProjetoTesteUnitarioTests.xctest */;
			productType = "com.apple.product-type.bundle.unit-test";
		};
/* End PBXNativeTarget section */

/* Begin PBXProject section */
		2F356C192583EBB100E8F231 /* Project object */ = {
			isa = PBXProject;
			attributes = {
				LastSwiftUpdateCheck = 1170;
				LastUpgradeCheck = 1170;
				ORGANIZATIONNAME = "Edmilson vieira da silva";
				TargetAttributes = {
					2F356C202583EBB200E8F231 = {
						CreatedOnToolsVersion = 11.7;
					};
					2F356C362583EC2000E8F231 = {
						CreatedOnToolsVersion = 11.7;
						TestTargetID = 2F356C202583EBB200E8F231;
					};
				};
			};
			buildConfigurationList = 2F356C1C2583EBB100E8F231 /* Build configuration list for PBXProject "ProjetoTesteUnitario" */;
			compatibilityVersion = "Xcode 9.3";
			developmentRegion = en;
			hasScannedForEncodings = 0;
			knownRegions = (
				en,
				Base,
			);
			mainGroup = 2F356C182583EBB100E8F231;
			productRefGroup = 2F356C222583EBB200E8F231 /* Products */;
			projectDirPath = "";
			projectRoot = "";
			targets = (
				2F356C202583EBB200E8F231 /* ProjetoTesteUnitario */,
				2F356C362583EC2000E8F231 /* ProjetoTesteUnitarioTests */,
			);
		};
/* End PBXProject section */

/* Begin PBXResourcesBuildPhase section */
		2F356C1F2583EBB200E8F231 /* Resources */ = {
			isa = PBXResourcesBuildPhase;
			buildActionMask = 2147483647;
			files = (
				2F356C472583ED7000E8F231 /* oque testar in Resources */,
				2F356C312583EC1C00E8F231 /* LaunchScreen.storyboard in Resources */,
				2F356C2E2583EC1C00E8F231 /* Assets.xcassets in Resources */,
				2F356C2C2583EBB200E8F231 /* Main.storyboard in Resources */,
			);
			runOnlyForDeploymentPostprocessing = 0;
		};
		2F356C352583EC2000E8F231 /* Resources */ = {
			isa = PBXResourcesBuildPhase;
			buildActionMask = 2147483647;
			files = (
			);
			runOnlyForDeploymentPostprocessing = 0;
		};
/* End PBXResourcesBuildPhase section */

/* Begin PBXSourcesBuildPhase section */
		2F356C1D2583EBB200E8F231 /* Sources */ = {
			isa = PBXSourcesBuildPhase;
			buildActionMask = 2147483647;
			files = (
				2F356C292583EBB200E8F231 /* ViewController.swift in Sources */,
				2F356C252583EBB200E8F231 /* AppDelegate.swift in Sources */,
				2F356C4E25840B3900E8F231 /* MessagePresenter.swift in Sources */,
				2F356C4A2584091100E8F231 /* pessoa.swift in Sources */,
				2F356C272583EBB200E8F231 /* SceneDelegate.swift in Sources */,
				2F356C5025840BB600E8F231 /* AlertMessagePresenter.swift in Sources */,
			);
			runOnlyForDeploymentPostprocessing = 0;
		};
		2F356C332583EC2000E8F231 /* Sources */ = {
			isa = PBXSourcesBuildPhase;
			buildActionMask = 2147483647;
			files = (
				2FDE2ED8258428A300ED4649 /* MockMessagePresenter.swift in Sources */,
				2F356C522584130300E8F231 /* ViewControllerTests.swift in Sources */,
				2F356C3C2583EC2000E8F231 /* ProjetoTesteUnitarioTests.swift in Sources */,
			);
			runOnlyForDeploymentPostprocessing = 0;
		};
/* End PBXSourcesBuildPhase section */

/* Begin PBXTargetDependency section */
		2F356C392583EC2000E8F231 /* PBXTargetDependency */ = {
			isa = PBXTargetDependency;
			target = 2F356C202583EBB200E8F231 /* ProjetoTesteUnitario */;
			targetProxy = 2F356C382583EC2000E8F231 /* PBXContainerItemProxy */;
		};
/* End PBXTargetDependency section */

/* Begin PBXVariantGroup section */
		2F356C2A2583EBB200E8F231 /* Main.storyboard */ = {
			isa = PBXVariantGroup;
			children = (
				2F356C2B2583EBB200E8F231 /* Base */,
			);
			name = Main.storyboard;
			sourceTree = "<group>";
		};
		2F356C2F2583EC1C00E8F231 /* LaunchScreen.storyboard */ = {
			isa = PBXVariantGroup;
			children = (
				2F356C302583EC1C00E8F231 /* Base */,
			);
			name = LaunchScreen.storyboard;
			sourceTree = "<group>";
		};
/* End PBXVariantGroup section */

/* Begin XCBuildConfiguration section */
		2F356C3E2583EC2000E8F231 /* Debug */ = {
			isa = XCBuildConfiguration;
			buildSettings = {
				ALWAYS_SEARCH_USER_PATHS = NO;
				CLANG_ANALYZER_NONNULL = YES;
				CLANG_ANALYZER_NUMBER_OBJECT_CONVERSION = YES_AGGRESSIVE;
				CLANG_CXX_LANGUAGE_STANDARD = "gnu++14";
				CLANG_CXX_LIBRARY = "libc++";
				CLANG_ENABLE_MODULES = YES;
				CLANG_ENABLE_OBJC_ARC = YES;
				CLANG_ENABLE_OBJC_WEAK = YES;
				CLANG_WARN_BLOCK_CAPTURE_AUTORELEASING = YES;
				CLANG_WARN_BOOL_CONVERSION = YES;
				CLANG_WARN_COMMA = YES;
				CLANG_WARN_CONSTANT_CONVERSION = YES;
				CLANG_WARN_DEPRECATED_OBJC_IMPLEMENTATIONS = YES;
				CLANG_WARN_DIRECT_OBJC_ISA_USAGE = YES_ERROR;
				CLANG_WARN_DOCUMENTATION_COMMENTS = YES;
				CLANG_WARN_EMPTY_BODY = YES;
				CLANG_WARN_ENUM_CONVERSION = YES;
				CLANG_WARN_INFINITE_RECURSION = YES;
				CLANG_WARN_INT_CONVERSION = YES;
				CLANG_WARN_NON_LITERAL_NULL_CONVERSION = YES;
				CLANG_WARN_OBJC_IMPLICIT_RETAIN_SELF = YES;
				CLANG_WARN_OBJC_LITERAL_CONVERSION = YES;
				CLANG_WARN_OBJC_ROOT_CLASS = YES_ERROR;
				CLANG_WARN_RANGE_LOOP_ANALYSIS = YES;
				CLANG_WARN_STRICT_PROTOTYPES = YES;
				CLANG_WARN_SUSPICIOUS_MOVE = YES;
				CLANG_WARN_UNGUARDED_AVAILABILITY = YES_AGGRESSIVE;
				CLANG_WARN_UNREACHABLE_CODE = YES;
				CLANG_WARN__DUPLICATE_METHOD_MATCH = YES;
				COPY_PHASE_STRIP = NO;
				DEBUG_INFORMATION_FORMAT = dwarf;
				ENABLE_STRICT_OBJC_MSGSEND = YES;
				ENABLE_TESTABILITY = YES;
				GCC_C_LANGUAGE_STANDARD = gnu11;
				GCC_DYNAMIC_NO_PIC = NO;
				GCC_NO_COMMON_BLOCKS = YES;
				GCC_OPTIMIZATION_LEVEL = 0;
				GCC_PREPROCESSOR_DEFINITIONS = (
					"DEBUG=1",
					"$(inherited)",
				);
				GCC_WARN_64_TO_32_BIT_CONVERSION = YES;
				GCC_WARN_ABOUT_RETURN_TYPE = YES_ERROR;
				GCC_WARN_UNDECLARED_SELECTOR = YES;
				GCC_WARN_UNINITIALIZED_AUTOS = YES_AGGRESSIVE;
				GCC_WARN_UNUSED_FUNCTION = YES;
				GCC_WARN_UNUSED_VARIABLE = YES;
				IPHONEOS_DEPLOYMENT_TARGET = 13.7;
				MTL_ENABLE_DEBUG_INFO = INCLUDE_SOURCE;
				MTL_FAST_MATH = YES;
				ONLY_ACTIVE_ARCH = YES;
				SDKROOT = iphoneos;
				SWIFT_ACTIVE_COMPILATION_CONDITIONS = DEBUG;
				SWIFT_OPTIMIZATION_LEVEL = "-Onone";
			};
			name = Debug;
		};
		2F356C3F2583EC2000E8F231 /* Release */ = {
			isa = XCBuildConfiguration;
			buildSettings = {
				ALWAYS_SEARCH_USER_PATHS = NO;
				CLANG_ANALYZER_NONNULL = YES;
				CLANG_ANALYZER_NUMBER_OBJECT_CONVERSION = YES_AGGRESSIVE;
				CLANG_CXX_LANGUAGE_STANDARD = "gnu++14";
				CLANG_CXX_LIBRARY = "libc++";
				CLANG_ENABLE_MODULES = YES;
				CLANG_ENABLE_OBJC_ARC = YES;
				CLANG_ENABLE_OBJC_WEAK = YES;
				CLANG_WARN_BLOCK_CAPTURE_AUTORELEASING = YES;
				CLANG_WARN_BOOL_CONVERSION = YES;
				CLANG_WARN_COMMA = YES;
				CLANG_WARN_CONSTANT_CONVERSION = YES;
				CLANG_WARN_DEPRECATED_OBJC_IMPLEMENTATIONS = YES;
				CLANG_WARN_DIRECT_OBJC_ISA_USAGE = YES_ERROR;
				CLANG_WARN_DOCUMENTATION_COMMENTS = YES;
				CLANG_WARN_EMPTY_BODY = YES;
				CLANG_WARN_ENUM_CONVERSION = YES;
				CLANG_WARN_INFINITE_RECURSION = YES;
				CLANG_WARN_INT_CONVERSION = YES;
				CLANG_WARN_NON_LITERAL_NULL_CONVERSION = YES;
				CLANG_WARN_OBJC_IMPLICIT_RETAIN_SELF = YES;
				CLANG_WARN_OBJC_LITERAL_CONVERSION = YES;
				CLANG_WARN_OBJC_ROOT_CLASS = YES_ERROR;
				CLANG_WARN_RANGE_LOOP_ANALYSIS = YES;
				CLANG_WARN_STRICT_PROTOTYPES = YES;
				CLANG_WARN_SUSPICIOUS_MOVE = YES;
				CLANG_WARN_UNGUARDED_AVAILABILITY = YES_AGGRESSIVE;
				CLANG_WARN_UNREACHABLE_CODE = YES;
				CLANG_WARN__DUPLICATE_METHOD_MATCH = YES;
				COPY_PHASE_STRIP = NO;
				DEBUG_INFORMATION_FORMAT = "dwarf-with-dsym";
				ENABLE_NS_ASSERTIONS = NO;
				ENABLE_STRICT_OBJC_MSGSEND = YES;
				GCC_C_LANGUAGE_STANDARD = gnu11;
				GCC_NO_COMMON_BLOCKS = YES;
				GCC_WARN_64_TO_32_BIT_CONVERSION = YES;
				GCC_WARN_ABOUT_RETURN_TYPE = YES_ERROR;
				GCC_WARN_UNDECLARED_SELECTOR = YES;
				GCC_WARN_UNINITIALIZED_AUTOS = YES_AGGRESSIVE;
				GCC_WARN_UNUSED_FUNCTION = YES;
				GCC_WARN_UNUSED_VARIABLE = YES;
				IPHONEOS_DEPLOYMENT_TARGET = 13.7;
				MTL_ENABLE_DEBUG_INFO = NO;
				MTL_FAST_MATH = YES;
				SDKROOT = iphoneos;
				SWIFT_COMPILATION_MODE = wholemodule;
				SWIFT_OPTIMIZATION_LEVEL = "-O";
				VALIDATE_PRODUCT = YES;
			};
			name = Release;
		};
		2F356C412583EC2000E8F231 /* Debug */ = {
			isa = XCBuildConfiguration;
			buildSettings = {
				ASSETCATALOG_COMPILER_APPICON_NAME = AppIcon;
				CODE_SIGN_STYLE = Automatic;
				DEVELOPMENT_TEAM = 7C6KV652RR;
				INFOPLIST_FILE = ProjetoTesteUnitario/Info.plist;
				LD_RUNPATH_SEARCH_PATHS = (
					"$(inherited)",
					"@executable_path/Frameworks",
				);
				PRODUCT_BUNDLE_IDENTIFIER = com.Edmilson.ProjetoTesteUnitario;
				PRODUCT_NAME = "$(TARGET_NAME)";
				SWIFT_VERSION = 5.0;
				TARGETED_DEVICE_FAMILY = "1,2";
			};
			name = Debug;
		};
		2F356C422583EC2000E8F231 /* Release */ = {
			isa = XCBuildConfiguration;
			buildSettings = {
				ASSETCATALOG_COMPILER_APPICON_NAME = AppIcon;
				CODE_SIGN_STYLE = Automatic;
				DEVELOPMENT_TEAM = 7C6KV652RR;
				INFOPLIST_FILE = ProjetoTesteUnitario/Info.plist;
				LD_RUNPATH_SEARCH_PATHS = (
					"$(inherited)",
					"@executable_path/Frameworks",
				);
				PRODUCT_BUNDLE_IDENTIFIER = com.Edmilson.ProjetoTesteUnitario;
				PRODUCT_NAME = "$(TARGET_NAME)";
				SWIFT_VERSION = 5.0;
				TARGETED_DEVICE_FAMILY = "1,2";
			};
			name = Release;
		};
		2F356C442583EC2000E8F231 /* Debug */ = {
			isa = XCBuildConfiguration;
			buildSettings = {
				ALWAYS_EMBED_SWIFT_STANDARD_LIBRARIES = YES;
				BUNDLE_LOADER = "$(TEST_HOST)";
				CODE_SIGN_STYLE = Automatic;
				DEVELOPMENT_TEAM = 7C6KV652RR;
				INFOPLIST_FILE = ProjetoTesteUnitarioTests/Info.plist;
				IPHONEOS_DEPLOYMENT_TARGET = 13.7;
				LD_RUNPATH_SEARCH_PATHS = (
					"$(inherited)",
					"@executable_path/Frameworks",
					"@loader_path/Frameworks",
				);
				PRODUCT_BUNDLE_IDENTIFIER = com.Edmilson.ProjetoTesteUnitarioTests;
				PRODUCT_NAME = "$(TARGET_NAME)";
				SWIFT_VERSION = 4.2;
				TARGETED_DEVICE_FAMILY = "1,2";
				TEST_HOST = "$(BUILT_PRODUCTS_DIR)/ProjetoTesteUnitario.app/ProjetoTesteUnitario";
			};
			name = Debug;
		};
		2F356C452583EC2000E8F231 /* Release */ = {
			isa = XCBuildConfiguration;
			buildSettings = {
				ALWAYS_EMBED_SWIFT_STANDARD_LIBRARIES = YES;
				BUNDLE_LOADER = "$(TEST_HOST)";
				CODE_SIGN_STYLE = Automatic;
				DEVELOPMENT_TEAM = 7C6KV652RR;
				INFOPLIST_FILE = ProjetoTesteUnitarioTests/Info.plist;
				IPHONEOS_DEPLOYMENT_TARGET = 13.7;
				LD_RUNPATH_SEARCH_PATHS = (
					"$(inherited)",
					"@executable_path/Frameworks",
					"@loader_path/Frameworks",
				);
				PRODUCT_BUNDLE_IDENTIFIER = com.Edmilson.ProjetoTesteUnitarioTests;
				PRODUCT_NAME = "$(TARGET_NAME)";
				SWIFT_VERSION = 4.2;
				TARGETED_DEVICE_FAMILY = "1,2";
				TEST_HOST = "$(BUILT_PRODUCTS_DIR)/ProjetoTesteUnitario.app/ProjetoTesteUnitario";
			};
			name = Release;
		};
/* End XCBuildConfiguration section */

/* Begin XCConfigurationList section */
		2F356C1C2583EBB100E8F231 /* Build configuration list for PBXProject "ProjetoTesteUnitario" */ = {
			isa = XCConfigurationList;
			buildConfigurations = (
				2F356C3E2583EC2000E8F231 /* Debug */,
				2F356C3F2583EC2000E8F231 /* Release */,
			);
			defaultConfigurationIsVisible = 0;
			defaultConfigurationName = Release;
		};
		2F356C402583EC2000E8F231 /* Build configuration list for PBXNativeTarget "ProjetoTesteUnitario" */ = {
			isa = XCConfigurationList;
			buildConfigurations = (
				2F356C412583EC2000E8F231 /* Debug */,
				2F356C422583EC2000E8F231 /* Release */,
			);
			defaultConfigurationIsVisible = 0;
			defaultConfigurationName = Release;
		};
		2F356C432583EC2000E8F231 /* Build configuration list for PBXNativeTarget "ProjetoTesteUnitarioTests" */ = {
			isa = XCConfigurationList;
			buildConfigurations = (
				2F356C442583EC2000E8F231 /* Debug */,
				2F356C452583EC2000E8F231 /* Release */,
			);
			defaultConfigurationIsVisible = 0;
			defaultConfigurationName = Release;
		};
/* End XCConfigurationList section */
	};
	rootObject = 2F356C192583EBB100E8F231 /* Project object */;
}
